
Microsoft Visual Studio Solution File, Format Version 12.00
# Visual Studio Version 16
VisualStudioVersion = 16.0.28922.388
MinimumVisualStudioVersion = 10.0.40219.1
Project("{FAE04EC0-301F-11D3-BF4B-00C04F79EFBC}") = "XamarinContacts.Android", "XamarinContacts.Android\XamarinContacts.Android.csproj", "{713A5188-3F56-4D68-B4D3-DFB2051643D4}"
EndProject
Project("{FAE04EC0-301F-11D3-BF4B-00C04F79EFBC}") = "XamarinContacts.iOS", "XamarinContacts.iOS\XamarinContacts.iOS.csproj", "{2E5F6917-4A3B-4383-B640-BCCC1299106D}"
EndProject
Project("{9A19103F-16F7-4668-BE54-9A1E7A4F7556}") = "XamarinContacts", "XamarinContacts\XamarinContacts.csproj", "{AD65CA17-D97E-4C24-BF03-AE902EC59A0B}"
EndProject
Global
	GlobalSection(SolutionConfigurationPlatforms) = preSolution
		Debug|Any CPU = Debug|Any CPU
		Debug|iPhone = Debug|iPhone
		Debug|iPhoneSimulator = Debug|iPhoneSimulator
		Release|Any CPU = Release|Any CPU
		Release|iPhone = Release|iPhone
		Release|iPhoneSimulator = Release|iPhoneSimulator
	EndGlobalSection
	GlobalSection(ProjectConfigurationPlatforms) = postSolution
		{713A5188-3F56-4D68-B4D3-DFB2051643D4}.Debug|Any CPU.ActiveCfg = Debug|Any CPU
		{713A5188-3F56-4D68-B4D3-DFB2051643D4}.Debug|Any CPU.Build.0 = Debug|Any CPU
		{713A5188-3F56-4D68-B4D3-DFB2051643D4}.Debug|Any CPU.Deploy.0 = Debug|Any CPU
		{713A5188-3F56-4D68-B4D3-DFB2051643D4}.Debug|iPhone.ActiveCfg = Debug|Any CPU
		{713A5188-3F56-4D68-B4D3-DFB2051643D4}.Debug|iPhone.Build.0 = Debug|Any CPU
		{713A5188-3F56-4D68-B4D3-DFB2051643D4}.Debug|iPhone.Deploy.0 = Debug|Any CPU
		{713A5188-3F56-4D68-B4D3-DFB2051643D4}.Debug|iPhoneSimulator.ActiveCfg = Debug|Any CPU
		{713A5188-3F56-4D68-B4D3-DFB2051643D4}.Debug|iPhoneSimulator.Build.0 = Debug|Any CPU
		{713A5188-3F56-4D68-B4D3-DFB2051643D4}.Debug|iPhoneSimulator.Deploy.0 = Debug|Any CPU
		{713A5188-3F56-4D68-B4D3-DFB2051643D4}.Release|Any CPU.ActiveCfg = Release|Any CPU
		{713A5188-3F56-4D68-B4D3-DFB2051643D4}.Release|Any CPU.Build.0 = Release|Any CPU
		{713A5188-3F56-4D68-B4D3-DFB2051643D4}.Release|Any CPU.Deploy.0 = Release|Any CPU
		{713A5188-3F56-4D68-B4D3-DFB2051643D4}.Release|iPhone.ActiveCfg = Release|Any CPU
		{713A5188-3F56-4D68-B4D3-DFB2051643D4}.Release|iPhone.Build.0 = Release|Any CPU
		{713A5188-3F56-4D68-B4D3-DFB2051643D4}.Release|iPhone.Deploy.0 = Release|Any CPU
		{713A5188-3F56-4D68-B4D3-DFB2051643D4}.Release|iPhoneSimulator.ActiveCfg = Release|Any CPU
		{713A5188-3F56-4D68-B4D3-DFB2051643D4}.Release|iPhoneSimulator.Build.0 = Release|Any CPU
		{713A5188-3F56-4D68-B4D3-DFB2051643D4}.Release|iPhoneSimulator.Deploy.0 = Release|Any CPU
		{2E5F6917-4A3B-4383-B640-BCCC1299106D}.Debug|Any CPU.ActiveCfg = Debug|iPhoneSimulator
		{2E5F6917-4A3B-4383-B640-BCCC1299106D}.Debug|Any CPU.Build.0 = Debug|iPhoneSimulator
		{2E5F6917-4A3B-4383-B640-BCCC1299106D}.Debug|Any CPU.Deploy.0 = Debug|iPhoneSimulator
		{2E5F6917-4A3B-4383-B640-BCCC1299106D}.Debug|iPhone.ActiveCfg = Debug|iPhone
		{2E5F6917-4A3B-4383-B640-BCCC1299106D}.Debug|iPhone.Build.0 = Debug|iPhone
		{2E5F6917-4A3B-4383-B640-BCCC1299106D}.Debug|iPhone.Deploy.0 = Debug|iPhone
		{2E5F6917-4A3B-4383-B640-BCCC1299106D}.Debug|iPhoneSimulator.ActiveCfg = Debug|iPhoneSimulator
		{2E5F6917-4A3B-4383-B640-BCCC1299106D}.Debug|iPhoneSimulator.Build.0 = Debug|iPhoneSimulator
		{2E5F6917-4A3B-4383-B640-BCCC1299106D}.Debug|iPhoneSimulator.Deploy.0 = Debug|iPhoneSimulator
		{2E5F6917-4A3B-4383-B640-BCCC1299106D}.Release|Any CPU.ActiveCfg = Release|iPhone
		{2E5F6917-4A3B-4383-B640-BCCC1299106D}.Release|Any CPU.Build.0 = Release|iPhone
		{2E5F6917-4A3B-4383-B640-BCCC1299106D}.Release|Any CPU.Deploy.0 = Release|iPhone
		{2E5F6917-4A3B-4383-B640-BCCC1299106D}.Release|iPhone.ActiveCfg = Release|iPhone
		{2E5F6917-4A3B-4383-B640-BCCC1299106D}.Release|iPhone.Build.0 = Release|iPhone
		{2E5F6917-4A3B-4383-B640-BCCC1299106D}.Release|iPhone.Deploy.0 = Release|iPhone
		{2E5F6917-4A3B-4383-B640-BCCC1299106D}.Release|iPhoneSimulator.ActiveCfg = Release|iPhoneSimulator
		{2E5F6917-4A3B-4383-B640-BCCC1299106D}.Release|iPhoneSimulator.Build.0 = Release|iPhoneSimulator
		{2E5F6917-4A3B-4383-B640-BCCC1299106D}.Release|iPhoneSimulator.Deploy.0 = Release|iPhoneSimulator
		{AD65CA17-D97E-4C24-BF03-AE902EC59A0B}.Debug|Any CPU.ActiveCfg = Debug|Any CPU
		{AD65CA17-D97E-4C24-BF03-AE902EC59A0B}.Debug|Any CPU.Build.0 = Debug|Any CPU
		{AD65CA17-D97E-4C24-BF03-AE902EC59A0B}.Debug|Any CPU.Deploy.0 = Debug|Any CPU
		{AD65CA17-D97E-4C24-BF03-AE902EC59A0B}.Debug|iPhone.ActiveCfg = Debug|Any CPU
		{AD65CA17-D97E-4C24-BF03-AE902EC59A0B}.Debug|iPhone.Build.0 = Debug|Any CPU
		{AD65CA17-D97E-4C24-BF03-AE902EC59A0B}.Debug|iPhone.Deploy.0 = Debug|Any CPU
		{AD65CA17-D97E-4C24-BF03-AE902EC59A0B}.Debug|iPhoneSimulator.ActiveCfg = Debug|Any CPU
		{AD65CA17-D97E-4C24-BF03-AE902EC59A0B}.Debug|iPhoneSimulator.Build.0 = Debug|Any CPU
		{AD65CA17-D97E-4C24-BF03-AE902EC59A0B}.Debug|iPhoneSimulator.Deploy.0 = Debug|Any CPU
		{AD65CA17-D97E-4C24-BF03-AE902EC59A0B}.Release|Any CPU.ActiveCfg = Release|Any CPU
		{AD65CA17-D97E-4C24-BF03-AE902EC59A0B}.Release|Any CPU.Build.0 = Release|Any CPU
		{AD65CA17-D97E-4C24-BF03-AE902EC59A0B}.Release|Any CPU.Deploy.0 = Release|Any CPU
		{AD65CA17-D97E-4C24-BF03-AE902EC59A0B}.Release|iPhone.ActiveCfg = Release|Any CPU
		{AD65CA17-D97E-4C24-BF03-AE902EC59A0B}.Release|iPhone.Build.0 = Release|Any CPU
		{AD65CA17-D97E-4C24-BF03-AE902EC59A0B}.Release|iPhone.Deploy.0 = Release|Any CPU
		{AD65CA17-D97E-4C24-BF03-AE902EC59A0B}.Release|iPhoneSimulator.ActiveCfg = Release|Any CPU
		{AD65CA17-D97E-4C24-BF03-AE902EC59A0B}.Release|iPhoneSimulator.Build.0 = Release|Any CPU
		{AD65CA17-D97E-4C24-BF03-AE902EC59A0B}.Release|iPhoneSimulator.Deploy.0 = Release|Any CPU
	EndGlobalSection
	GlobalSection(SolutionProperties) = preSolution
		HideSolutionNode = FALSE
	EndGlobalSection
	GlobalSection(ExtensibilityGlobals) = postSolution
		SolutionGuid = {2D6F7952-99E3-4680-ACA8-EACFBE8826E2}
	EndGlobalSection
EndGlobal
